
Microsoft Visual Studio Solution File, Format Version 12.00
# Visual Studio Version 17
VisualStudioVersion = 17.4.33213.308
MinimumVisualStudioVersion = 10.0.40219.1
Project("{FAE04EC0-301F-11D3-BF4B-00C04F79EFBC}") = "ComponentLifeCycle", "ComponentLifeCycle\ComponentLifeCycle.csproj", "{1BE30D70-3241-428F-8768-7BA2C57F63A6}"
EndProject
Global
	GlobalSection(SolutionConfigurationPlatforms) = preSolution
		Debug|Any CPU = Debug|Any CPU
		Release|Any CPU = Release|Any CPU
	EndGlobalSection
	GlobalSection(ProjectConfigurationPlatforms) = postSolution
		{1BE30D70-3241-428F-8768-7BA2C57F63A6}.Debug|Any CPU.ActiveCfg = Debug|Any CPU
		{1BE30D70-3241-428F-8768-7BA2C57F63A6}.Debug|Any CPU.Build.0 = Debug|Any CPU
		{1BE30D70-3241-428F-8768-7BA2C57F63A6}.Release|Any CPU.ActiveCfg = Release|Any CPU
		{1BE30D70-3241-428F-8768-7BA2C57F63A6}.Release|Any CPU.Build.0 = Release|Any CPU
	EndGlobalSection
	GlobalSection(SolutionProperties) = preSolution
		HideSolutionNode = FALSE
	EndGlobalSection
	GlobalSection(ExtensibilityGlobals) = postSolution
		SolutionGuid = {C2741AFB-DFF2-4C30-B3FD-6512840BD905}
	EndGlobalSection
EndGlobal
